// !$*UTF8*$!
{
	archiveVersion = 1;
	classes = {
	};
	objectVersion = 77;
	objects = {

/* Begin PBXBuildFile section */
		CA749E072DA9D0FC0003CD53 /* ContentView.swift in Sources */ = {isa = PBXBuildFile; fileRef = CA749E032DA9D0FC0003CD53 /* ContentView.swift */; };
		CA749E082DA9D0FC0003CD53 /* WMATA_Fare_ThingymajigApp.swift in Sources */ = {isa = PBXBuildFile; fileRef = CA749E052DA9D0FC0003CD53 /* WMATA_Fare_ThingymajigApp.swift */; };
		CA749E092DA9D0FC0003CD53 /* Assets.xcassets in Resources */ = {isa = PBXBuildFile; fileRef = CA749E022DA9D0FC0003CD53 /* Assets.xcassets */; };
		CA749E0D2DA9D1180003CD53 /* HomeView.swift in Sources */ = {isa = PBXBuildFile; fileRef = CA749E0C2DA9D1180003CD53 /* HomeView.swift */; };
		CA749E112DA9D2790003CD53 /* stations.json in Resources */ = {isa = PBXBuildFile; fileRef = CA749E102DA9D2790003CD53 /* stations.json */; };
		CA749E152DA9D2AF0003CD53 /* Station.swift in Sources */ = {isa = PBXBuildFile; fileRef = CA749E142DA9D2AF0003CD53 /* Station.swift */; };
		CA749E172DA9D52B0003CD53 /* ModelData.swift in Sources */ = {isa = PBXBuildFile; fileRef = CA749E162DA9D52B0003CD53 /* ModelData.swift */; };
		CA749E192DA9D5C60003CD53 /* Fare.swift in Sources */ = {isa = PBXBuildFile; fileRef = CA749E182DA9D5C60003CD53 /* Fare.swift */; };
		CA749E1B2DA9DB000003CD53 /* FareLookupView.swift in Sources */ = {isa = PBXBuildFile; fileRef = CA749E1A2DA9DB000003CD53 /* FareLookupView.swift */; };
		CA9C601A2DA9EA250071F422 /* fares.json in Resources */ = {isa = PBXBuildFile; fileRef = CA9C60192DA9EA250071F422 /* fares.json */; };
		CA9C60222DA9FEDE0071F422 /* StationList.swift in Sources */ = {isa = PBXBuildFile; fileRef = CA9C60212DA9FEDE0071F422 /* StationList.swift */; };
		CAE76EA82DAA1913002998AD /* entrances.json in Resources */ = {isa = PBXBuildFile; fileRef = CAE76EA72DAA1913002998AD /* entrances.json */; };
		CAE76EAE2DAA1A36002998AD /* StationEntranceData.swift in Sources */ = {isa = PBXBuildFile; fileRef = CAE76EAD2DAA1A36002998AD /* StationEntranceData.swift */; };
		CAE76EB62DAA2E23002998AD /* mostUsedStations.json in Resources */ = {isa = PBXBuildFile; fileRef = CAE76EB52DAA2E23002998AD /* mostUsedStations.json */; };
		CAE76EB82DAA2FA2002998AD /* MostUsedStations.swift in Sources */ = {isa = PBXBuildFile; fileRef = CAE76EB72DAA2FA2002998AD /* MostUsedStations.swift */; };
		CAF4B5A92DAA7B4C008DC66C /* SettingsView.swift in Sources */ = {isa = PBXBuildFile; fileRef = CAF4B5A82DAA7B4C008DC66C /* SettingsView.swift */; };
/* End PBXBuildFile section */

/* Begin PBXFileReference section */
		CA3BAE392DA9CF8F00BB5C9C /* WMATA Fare Thingymajig.app */ = {isa = PBXFileReference; explicitFileType = wrapper.application; includeInIndex = 0; path = "WMATA Fare Thingymajig.app"; sourceTree = BUILT_PRODUCTS_DIR; };
		CA749E022DA9D0FC0003CD53 /* Assets.xcassets */ = {isa = PBXFileReference; lastKnownFileType = folder.assetcatalog; path = Assets.xcassets; sourceTree = "<group>"; };
		CA749E032DA9D0FC0003CD53 /* ContentView.swift */ = {isa = PBXFileReference; lastKnownFileType = sourcecode.swift; path = ContentView.swift; sourceTree = "<group>"; };
		CA749E042DA9D0FC0003CD53 /* WMATA_Fare_Thingymajig.entitlements */ = {isa = PBXFileReference; lastKnownFileType = text.plist.entitlements; path = WMATA_Fare_Thingymajig.entitlements; sourceTree = "<group>"; };
		CA749E052DA9D0FC0003CD53 /* WMATA_Fare_ThingymajigApp.swift */ = {isa = PBXFileReference; lastKnownFileType = sourcecode.swift; path = WMATA_Fare_ThingymajigApp.swift; sourceTree = "<group>"; };
		CA749E0C2DA9D1180003CD53 /* HomeView.swift */ = {isa = PBXFileReference; lastKnownFileType = sourcecode.swift; path = HomeView.swift; sourceTree = "<group>"; };
		CA749E102DA9D2790003CD53 /* stations.json */ = {isa = PBXFileReference; lastKnownFileType = text.json; path = stations.json; sourceTree = "<group>"; };
		CA749E142DA9D2AF0003CD53 /* Station.swift */ = {isa = PBXFileReference; lastKnownFileType = sourcecode.swift; path = Station.swift; sourceTree = "<group>"; };
		CA749E162DA9D52B0003CD53 /* ModelData.swift */ = {isa = PBXFileReference; lastKnownFileType = sourcecode.swift; path = ModelData.swift; sourceTree = "<group>"; };
		CA749E182DA9D5C60003CD53 /* Fare.swift */ = {isa = PBXFileReference; lastKnownFileType = sourcecode.swift; path = Fare.swift; sourceTree = "<group>"; };
		CA749E1A2DA9DB000003CD53 /* FareLookupView.swift */ = {isa = PBXFileReference; lastKnownFileType = sourcecode.swift; path = FareLookupView.swift; sourceTree = "<group>"; };
		CA9C60192DA9EA250071F422 /* fares.json */ = {isa = PBXFileReference; lastKnownFileType = text.json; path = fares.json; sourceTree = "<group>"; };
		CA9C60212DA9FEDE0071F422 /* StationList.swift */ = {isa = PBXFileReference; lastKnownFileType = sourcecode.swift; path = StationList.swift; sourceTree = "<group>"; };
		CAE76EA72DAA1913002998AD /* entrances.json */ = {isa = PBXFileReference; lastKnownFileType = text.json; path = entrances.json; sourceTree = "<group>"; };
		CAE76EAD2DAA1A36002998AD /* StationEntranceData.swift */ = {isa = PBXFileReference; lastKnownFileType = sourcecode.swift; path = StationEntranceData.swift; sourceTree = "<group>"; };
		CAE76EB52DAA2E23002998AD /* mostUsedStations.json */ = {isa = PBXFileReference; lastKnownFileType = text.json; path = mostUsedStations.json; sourceTree = "<group>"; };
		CAE76EB72DAA2FA2002998AD /* MostUsedStations.swift */ = {isa = PBXFileReference; lastKnownFileType = sourcecode.swift; path = MostUsedStations.swift; sourceTree = "<group>"; };
		CAF4B5A82DAA7B4C008DC66C /* SettingsView.swift */ = {isa = PBXFileReference; lastKnownFileType = sourcecode.swift; path = SettingsView.swift; sourceTree = "<group>"; };
/* End PBXFileReference section */

/* Begin PBXFrameworksBuildPhase section */
		CA3BAE362DA9CF8E00BB5C9C /* Frameworks */ = {
			isa = PBXFrameworksBuildPhase;
			buildActionMask = 2147483647;
			files = (
			);
			runOnlyForDeploymentPostprocessing = 0;
		};
/* End PBXFrameworksBuildPhase section */

/* Begin PBXGroup section */
		CA3BAE302DA9CF8E00BB5C9C = {
			isa = PBXGroup;
			children = (
				CA749E062DA9D0FC0003CD53 /* WMATA Fare Thingymajig */,
				CA3BAE3A2DA9CF8F00BB5C9C /* Products */,
			);
			sourceTree = "<group>";
		};
		CA3BAE3A2DA9CF8F00BB5C9C /* Products */ = {
			isa = PBXGroup;
			children = (
				CA3BAE392DA9CF8F00BB5C9C /* WMATA Fare Thingymajig.app */,
			);
			name = Products;
			sourceTree = "<group>";
		};
		CA749E062DA9D0FC0003CD53 /* WMATA Fare Thingymajig */ = {
			isa = PBXGroup;
			children = (
				CA749E132DA9D2A70003CD53 /* Model */,
				CA749E0E2DA9D2610003CD53 /* Resources */,
				CA749E0A2DA9D1000003CD53 /* Views */,
				CA749E022DA9D0FC0003CD53 /* Assets.xcassets */,
				CA749E042DA9D0FC0003CD53 /* WMATA_Fare_Thingymajig.entitlements */,
				CA749E052DA9D0FC0003CD53 /* WMATA_Fare_ThingymajigApp.swift */,
			);
			path = "WMATA Fare Thingymajig";
			sourceTree = "<group>";
		};
		CA749E0A2DA9D1000003CD53 /* Views */ = {
			isa = PBXGroup;
			children = (
				CA749E032DA9D0FC0003CD53 /* ContentView.swift */,
				CA749E0B2DA9D1100003CD53 /* Home */,
				CA9C60212DA9FEDE0071F422 /* StationList.swift */,
				CAF4B5A82DAA7B4C008DC66C /* SettingsView.swift */,
			);
			path = Views;
			sourceTree = "<group>";
		};
		CA749E0B2DA9D1100003CD53 /* Home */ = {
			isa = PBXGroup;
			children = (
				CA749E0C2DA9D1180003CD53 /* HomeView.swift */,
				CA749E1A2DA9DB000003CD53 /* FareLookupView.swift */,
			);
			path = Home;
			sourceTree = "<group>";
		};
		CA749E0E2DA9D2610003CD53 /* Resources */ = {
			isa = PBXGroup;
			children = (
				CA9C60192DA9EA250071F422 /* fares.json */,
				CA749E102DA9D2790003CD53 /* stations.json */,
				CAE76EA72DAA1913002998AD /* entrances.json */,
				CAE76EB52DAA2E23002998AD /* mostUsedStations.json */,
			);
			path = Resources;
			sourceTree = "<group>";
		};
		CA749E132DA9D2A70003CD53 /* Model */ = {
			isa = PBXGroup;
			children = (
				CA749E142DA9D2AF0003CD53 /* Station.swift */,
				CA749E162DA9D52B0003CD53 /* ModelData.swift */,
				CA749E182DA9D5C60003CD53 /* Fare.swift */,
				CAE76EB72DAA2FA2002998AD /* MostUsedStations.swift */,
				CAE76EAD2DAA1A36002998AD /* StationEntranceData.swift */,
			);
			path = Model;
			sourceTree = "<group>";
		};
/* End PBXGroup section */

/* Begin PBXNativeTarget section */
		CA3BAE382DA9CF8E00BB5C9C /* WMATA Fare Thingymajig */ = {
			isa = PBXNativeTarget;
			buildConfigurationList = CA3BAE452DA9CF9000BB5C9C /* Build configuration list for PBXNativeTarget "WMATA Fare Thingymajig" */;
			buildPhases = (
				CA3BAE352DA9CF8E00BB5C9C /* Sources */,
				CA3BAE362DA9CF8E00BB5C9C /* Frameworks */,
				CA3BAE372DA9CF8E00BB5C9C /* Resources */,
			);
			buildRules = (
			);
			dependencies = (
			);
			name = "WMATA Fare Thingymajig";
			packageProductDependencies = (
			);
			productName = "WMATA Fare Thingymajig";
			productReference = CA3BAE392DA9CF8F00BB5C9C /* WMATA Fare Thingymajig.app */;
			productType = "com.apple.product-type.application";
		};
/* End PBXNativeTarget section */

/* Begin PBXProject section */
		CA3BAE312DA9CF8E00BB5C9C /* Project object */ = {
			isa = PBXProject;
			attributes = {
				BuildIndependentTargetsInParallel = 1;
				LastSwiftUpdateCheck = 1630;
				LastUpgradeCheck = 1630;
				TargetAttributes = {
					CA3BAE382DA9CF8E00BB5C9C = {
						CreatedOnToolsVersion = 16.3;
					};
				};
			};
			buildConfigurationList = CA3BAE342DA9CF8E00BB5C9C /* Build configuration list for PBXProject "WMATA Fare Thingymajig" */;
			developmentRegion = en;
			hasScannedForEncodings = 0;
			knownRegions = (
				en,
				Base,
			);
			mainGroup = CA3BAE302DA9CF8E00BB5C9C;
			minimizedProjectReferenceProxies = 1;
			preferredProjectObjectVersion = 77;
			productRefGroup = CA3BAE3A2DA9CF8F00BB5C9C /* Products */;
			projectDirPath = "";
			projectRoot = "";
			targets = (
				CA3BAE382DA9CF8E00BB5C9C /* WMATA Fare Thingymajig */,
			);
		};
/* End PBXProject section */

/* Begin PBXResourcesBuildPhase section */
		CA3BAE372DA9CF8E00BB5C9C /* Resources */ = {
			isa = PBXResourcesBuildPhase;
			buildActionMask = 2147483647;
			files = (
				CA749E092DA9D0FC0003CD53 /* Assets.xcassets in Resources */,
				CAE76EA82DAA1913002998AD /* entrances.json in Resources */,
				CA749E112DA9D2790003CD53 /* stations.json in Resources */,
				CA9C601A2DA9EA250071F422 /* fares.json in Resources */,
				CAE76EB62DAA2E23002998AD /* mostUsedStations.json in Resources */,
			);
			runOnlyForDeploymentPostprocessing = 0;
		};
/* End PBXResourcesBuildPhase section */

/* Begin PBXSourcesBuildPhase section */
		CA3BAE352DA9CF8E00BB5C9C /* Sources */ = {
			isa = PBXSourcesBuildPhase;
			buildActionMask = 2147483647;
			files = (
				CAE76EAE2DAA1A36002998AD /* StationEntranceData.swift in Sources */,
				CA749E0D2DA9D1180003CD53 /* HomeView.swift in Sources */,
				CA749E1B2DA9DB000003CD53 /* FareLookupView.swift in Sources */,
				CA9C60222DA9FEDE0071F422 /* StationList.swift in Sources */,
				CA749E072DA9D0FC0003CD53 /* ContentView.swift in Sources */,
				CA749E172DA9D52B0003CD53 /* ModelData.swift in Sources */,
				CAE76EB82DAA2FA2002998AD /* MostUsedStations.swift in Sources */,
				CA749E192DA9D5C60003CD53 /* Fare.swift in Sources */,
				CA749E152DA9D2AF0003CD53 /* Station.swift in Sources */,
				CA749E082DA9D0FC0003CD53 /* WMATA_Fare_ThingymajigApp.swift in Sources */,
				CAF4B5A92DAA7B4C008DC66C /* SettingsView.swift in Sources */,
			);
			runOnlyForDeploymentPostprocessing = 0;
		};
/* End PBXSourcesBuildPhase section */

/* Begin XCBuildConfiguration section */
		CA3BAE432DA9CF9000BB5C9C /* Debug */ = {
			isa = XCBuildConfiguration;
			buildSettings = {
				ALWAYS_SEARCH_USER_PATHS = NO;
				ASSETCATALOG_COMPILER_GENERATE_SWIFT_ASSET_SYMBOL_EXTENSIONS = YES;
				CLANG_ANALYZER_NONNULL = YES;
				CLANG_ANALYZER_NUMBER_OBJECT_CONVERSION = YES_AGGRESSIVE;
				CLANG_CXX_LANGUAGE_STANDARD = "gnu++20";
				CLANG_ENABLE_MODULES = YES;
				CLANG_ENABLE_OBJC_ARC = YES;
				CLANG_ENABLE_OBJC_WEAK = YES;
				CLANG_WARN_BLOCK_CAPTURE_AUTORELEASING = YES;
				CLANG_WARN_BOOL_CONVERSION = YES;
				CLANG_WARN_COMMA = YES;
				CLANG_WARN_CONSTANT_CONVERSION = YES;
				CLANG_WARN_DEPRECATED_OBJC_IMPLEMENTATIONS = YES;
				CLANG_WARN_DIRECT_OBJC_ISA_USAGE = YES_ERROR;
				CLANG_WARN_DOCUMENTATION_COMMENTS = YES;
				CLANG_WARN_EMPTY_BODY = YES;
				CLANG_WARN_ENUM_CONVERSION = YES;
				CLANG_WARN_INFINITE_RECURSION = YES;
				CLANG_WARN_INT_CONVERSION = YES;
				CLANG_WARN_NON_LITERAL_NULL_CONVERSION = YES;
				CLANG_WARN_OBJC_IMPLICIT_RETAIN_SELF = YES;
				CLANG_WARN_OBJC_LITERAL_CONVERSION = YES;
				CLANG_WARN_OBJC_ROOT_CLASS = YES_ERROR;
				CLANG_WARN_QUOTED_INCLUDE_IN_FRAMEWORK_HEADER = YES;
				CLANG_WARN_RANGE_LOOP_ANALYSIS = YES;
				CLANG_WARN_STRICT_PROTOTYPES = YES;
				CLANG_WARN_SUSPICIOUS_MOVE = YES;
				CLANG_WARN_UNGUARDED_AVAILABILITY = YES_AGGRESSIVE;
				CLANG_WARN_UNREACHABLE_CODE = YES;
				CLANG_WARN__DUPLICATE_METHOD_MATCH = YES;
				COPY_PHASE_STRIP = NO;
				DEBUG_INFORMATION_FORMAT = dwarf;
				ENABLE_STRICT_OBJC_MSGSEND = YES;
				ENABLE_TESTABILITY = YES;
				ENABLE_USER_SCRIPT_SANDBOXING = YES;
				GCC_C_LANGUAGE_STANDARD = gnu17;
				GCC_DYNAMIC_NO_PIC = NO;
				GCC_NO_COMMON_BLOCKS = YES;
				GCC_OPTIMIZATION_LEVEL = 0;
				GCC_PREPROCESSOR_DEFINITIONS = (
					"DEBUG=1",
					"$(inherited)",
				);
				GCC_WARN_64_TO_32_BIT_CONVERSION = YES;
				GCC_WARN_ABOUT_RETURN_TYPE = YES_ERROR;
				GCC_WARN_UNDECLARED_SELECTOR = YES;
				GCC_WARN_UNINITIALIZED_AUTOS = YES_AGGRESSIVE;
				GCC_WARN_UNUSED_FUNCTION = YES;
				GCC_WARN_UNUSED_VARIABLE = YES;
				LOCALIZATION_PREFERS_STRING_CATALOGS = YES;
				MTL_ENABLE_DEBUG_INFO = INCLUDE_SOURCE;
				MTL_FAST_MATH = YES;
				ONLY_ACTIVE_ARCH = YES;
				SWIFT_ACTIVE_COMPILATION_CONDITIONS = "DEBUG $(inherited)";
				SWIFT_OPTIMIZATION_LEVEL = "-Onone";
			};
			name = Debug;
		};
		CA3BAE442DA9CF9000BB5C9C /* Release */ = {
			isa = XCBuildConfiguration;
			buildSettings = {
				ALWAYS_SEARCH_USER_PATHS = NO;
				ASSETCATALOG_COMPILER_GENERATE_SWIFT_ASSET_SYMBOL_EXTENSIONS = YES;
				CLANG_ANALYZER_NONNULL = YES;
				CLANG_ANALYZER_NUMBER_OBJECT_CONVERSION = YES_AGGRESSIVE;
				CLANG_CXX_LANGUAGE_STANDARD = "gnu++20";
				CLANG_ENABLE_MODULES = YES;
				CLANG_ENABLE_OBJC_ARC = YES;
				CLANG_ENABLE_OBJC_WEAK = YES;
				CLANG_WARN_BLOCK_CAPTURE_AUTORELEASING = YES;
				CLANG_WARN_BOOL_CONVERSION = YES;
				CLANG_WARN_COMMA = YES;
				CLANG_WARN_CONSTANT_CONVERSION = YES;
				CLANG_WARN_DEPRECATED_OBJC_IMPLEMENTATIONS = YES;
				CLANG_WARN_DIRECT_OBJC_ISA_USAGE = YES_ERROR;
				CLANG_WARN_DOCUMENTATION_COMMENTS = YES;
				CLANG_WARN_EMPTY_BODY = YES;
				CLANG_WARN_ENUM_CONVERSION = YES;
				CLANG_WARN_INFINITE_RECURSION = YES;
				CLANG_WARN_INT_CONVERSION = YES;
				CLANG_WARN_NON_LITERAL_NULL_CONVERSION = YES;
				CLANG_WARN_OBJC_IMPLICIT_RETAIN_SELF = YES;
				CLANG_WARN_OBJC_LITERAL_CONVERSION = YES;
				CLANG_WARN_OBJC_ROOT_CLASS = YES_ERROR;
				CLANG_WARN_QUOTED_INCLUDE_IN_FRAMEWORK_HEADER = YES;
				CLANG_WARN_RANGE_LOOP_ANALYSIS = YES;
				CLANG_WARN_STRICT_PROTOTYPES = YES;
				CLANG_WARN_SUSPICIOUS_MOVE = YES;
				CLANG_WARN_UNGUARDED_AVAILABILITY = YES_AGGRESSIVE;
				CLANG_WARN_UNREACHABLE_CODE = YES;
				CLANG_WARN__DUPLICATE_METHOD_MATCH = YES;
				COPY_PHASE_STRIP = NO;
				DEBUG_INFORMATION_FORMAT = "dwarf-with-dsym";
				ENABLE_NS_ASSERTIONS = NO;
				ENABLE_STRICT_OBJC_MSGSEND = YES;
				ENABLE_USER_SCRIPT_SANDBOXING = YES;
				GCC_C_LANGUAGE_STANDARD = gnu17;
				GCC_NO_COMMON_BLOCKS = YES;
				GCC_WARN_64_TO_32_BIT_CONVERSION = YES;
				GCC_WARN_ABOUT_RETURN_TYPE = YES_ERROR;
				GCC_WARN_UNDECLARED_SELECTOR = YES;
				GCC_WARN_UNINITIALIZED_AUTOS = YES_AGGRESSIVE;
				GCC_WARN_UNUSED_FUNCTION = YES;
				GCC_WARN_UNUSED_VARIABLE = YES;
				LOCALIZATION_PREFERS_STRING_CATALOGS = YES;
				MTL_ENABLE_DEBUG_INFO = NO;
				MTL_FAST_MATH = YES;
				SWIFT_COMPILATION_MODE = wholemodule;
			};
			name = Release;
		};
		CA3BAE462DA9CF9000BB5C9C /* Debug */ = {
			isa = XCBuildConfiguration;
			buildSettings = {
				ASSETCATALOG_COMPILER_APPICON_NAME = AppIcon;
				ASSETCATALOG_COMPILER_GLOBAL_ACCENT_COLOR_NAME = AccentColor;
				CODE_SIGN_ENTITLEMENTS = "WMATA Fare Thingymajig/WMATA_Fare_Thingymajig.entitlements";
				CODE_SIGN_STYLE = Automatic;
				CURRENT_PROJECT_VERSION = 1;
				ENABLE_PREVIEWS = YES;
				GENERATE_INFOPLIST_FILE = YES;
				INFOPLIST_KEY_LSApplicationCategoryType = "public.app-category.lifestyle";
				"INFOPLIST_KEY_UIApplicationSceneManifest_Generation[sdk=iphoneos*]" = YES;
				"INFOPLIST_KEY_UIApplicationSceneManifest_Generation[sdk=iphonesimulator*]" = YES;
				"INFOPLIST_KEY_UIApplicationSupportsIndirectInputEvents[sdk=iphoneos*]" = YES;
				"INFOPLIST_KEY_UIApplicationSupportsIndirectInputEvents[sdk=iphonesimulator*]" = YES;
				"INFOPLIST_KEY_UILaunchScreen_Generation[sdk=iphoneos*]" = YES;
				"INFOPLIST_KEY_UILaunchScreen_Generation[sdk=iphonesimulator*]" = YES;
				"INFOPLIST_KEY_UIStatusBarStyle[sdk=iphoneos*]" = UIStatusBarStyleDefault;
				"INFOPLIST_KEY_UIStatusBarStyle[sdk=iphonesimulator*]" = UIStatusBarStyleDefault;
				INFOPLIST_KEY_UISupportedInterfaceOrientations = UIInterfaceOrientationPortrait;
				INFOPLIST_KEY_UISupportedInterfaceOrientations_iPad = "UIInterfaceOrientationLandscapeLeft UIInterfaceOrientationLandscapeRight UIInterfaceOrientationPortrait UIInterfaceOrientationPortraitUpsideDown";
				IPHONEOS_DEPLOYMENT_TARGET = 18.4;
				LD_RUNPATH_SEARCH_PATHS = "@executable_path/Frameworks";
				"LD_RUNPATH_SEARCH_PATHS[sdk=macosx*]" = "@executable_path/../Frameworks";
				MACOSX_DEPLOYMENT_TARGET = 15.4;
				MARKETING_VERSION = 1.0;
				PRODUCT_BUNDLE_IDENTIFIER = "name.valbuilds.WMATA-Fare-Thingymajig";
				PRODUCT_NAME = "$(TARGET_NAME)";
				REGISTER_APP_GROUPS = YES;
				SDKROOT = auto;
				SUPPORTED_PLATFORMS = "iphoneos iphonesimulator macosx";
				SUPPORTS_MACCATALYST = NO;
				SUPPORTS_XR_DESIGNED_FOR_IPHONE_IPAD = YES;
				SWIFT_EMIT_LOC_STRINGS = YES;
				SWIFT_VERSION = 5.0;
				TARGETED_DEVICE_FAMILY = "1,2";
				XROS_DEPLOYMENT_TARGET = 2.4;
			};
			name = Debug;
		};
		CA3BAE472DA9CF9000BB5C9C /* Release */ = {
			isa = XCBuildConfiguration;
			buildSettings = {
				ASSETCATALOG_COMPILER_APPICON_NAME = AppIcon;
				ASSETCATALOG_COMPILER_GLOBAL_ACCENT_COLOR_NAME = AccentColor;
				CODE_SIGN_ENTITLEMENTS = "WMATA Fare Thingymajig/WMATA_Fare_Thingymajig.entitlements";
				CODE_SIGN_STYLE = Automatic;
				CURRENT_PROJECT_VERSION = 1;
				ENABLE_PREVIEWS = YES;
				GENERATE_INFOPLIST_FILE = YES;
				INFOPLIST_KEY_LSApplicationCategoryType = "public.app-category.lifestyle";
				"INFOPLIST_KEY_UIApplicationSceneManifest_Generation[sdk=iphoneos*]" = YES;
				"INFOPLIST_KEY_UIApplicationSceneManifest_Generation[sdk=iphonesimulator*]" = YES;
				"INFOPLIST_KEY_UIApplicationSupportsIndirectInputEvents[sdk=iphoneos*]" = YES;
				"INFOPLIST_KEY_UIApplicationSupportsIndirectInputEvents[sdk=iphonesimulator*]" = YES;
				"INFOPLIST_KEY_UILaunchScreen_Generation[sdk=iphoneos*]" = YES;
				"INFOPLIST_KEY_UILaunchScreen_Generation[sdk=iphonesimulator*]" = YES;
				"INFOPLIST_KEY_UIStatusBarStyle[sdk=iphoneos*]" = UIStatusBarStyleDefault;
				"INFOPLIST_KEY_UIStatusBarStyle[sdk=iphonesimulator*]" = UIStatusBarStyleDefault;
				INFOPLIST_KEY_UISupportedInterfaceOrientations = UIInterfaceOrientationPortrait;
				INFOPLIST_KEY_UISupportedInterfaceOrientations_iPad = "UIInterfaceOrientationLandscapeLeft UIInterfaceOrientationLandscapeRight UIInterfaceOrientationPortrait UIInterfaceOrientationPortraitUpsideDown";
				IPHONEOS_DEPLOYMENT_TARGET = 18.4;
				LD_RUNPATH_SEARCH_PATHS = "@executable_path/Frameworks";
				"LD_RUNPATH_SEARCH_PATHS[sdk=macosx*]" = "@executable_path/../Frameworks";
				MACOSX_DEPLOYMENT_TARGET = 15.4;
				MARKETING_VERSION = 1.0;
				PRODUCT_BUNDLE_IDENTIFIER = "name.valbuilds.WMATA-Fare-Thingymajig";
				PRODUCT_NAME = "$(TARGET_NAME)";
				REGISTER_APP_GROUPS = YES;
				SDKROOT = auto;
				SUPPORTED_PLATFORMS = "iphoneos iphonesimulator macosx";
				SUPPORTS_MACCATALYST = NO;
				SUPPORTS_XR_DESIGNED_FOR_IPHONE_IPAD = YES;
				SWIFT_EMIT_LOC_STRINGS = YES;
				SWIFT_VERSION = 5.0;
				TARGETED_DEVICE_FAMILY = "1,2";
				XROS_DEPLOYMENT_TARGET = 2.4;
			};
			name = Release;
		};
/* End XCBuildConfiguration section */

/* Begin XCConfigurationList section */
		CA3BAE342DA9CF8E00BB5C9C /* Build configuration list for PBXProject "WMATA Fare Thingymajig" */ = {
			isa = XCConfigurationList;
			buildConfigurations = (
				CA3BAE432DA9CF9000BB5C9C /* Debug */,
				CA3BAE442DA9CF9000BB5C9C /* Release */,
			);
			defaultConfigurationIsVisible = 0;
			defaultConfigurationName = Release;
		};
		CA3BAE452DA9CF9000BB5C9C /* Build configuration list for PBXNativeTarget "WMATA Fare Thingymajig" */ = {
			isa = XCConfigurationList;
			buildConfigurations = (
				CA3BAE462DA9CF9000BB5C9C /* Debug */,
				CA3BAE472DA9CF9000BB5C9C /* Release */,
			);
			defaultConfigurationIsVisible = 0;
			defaultConfigurationName = Release;
		};
/* End XCConfigurationList section */
	};
	rootObject = CA3BAE312DA9CF8E00BB5C9C /* Project object */;
}
